// !$*UTF8*$!
{
	archiveVersion = 1;
	classes = {
	};
	objectVersion = 77;
	objects = {

/* Begin PBXContainerItemProxy section */
		DF81E1E72FA507E0001F1FE7 /* PBXContainerItemProxy */ = {
			isa = PBXContainerItemProxy;
			containerPortal = DF81E1CE2FA507DB001F1FE7 /* Project object */;
			proxyType = 1;
			remoteGlobalIDString = DF81E1D52FA507DB001F1FE7;
			remoteInfo = ValorCerto;
		};
		DF81E1F12FA507E0001F1FE7 /* PBXContainerItemProxy */ = {
			isa = PBXContainerItemProxy;
			containerPortal = DF81E1CE2FA507DB001F1FE7 /* Project object */;
			proxyType = 1;
			remoteGlobalIDString = DF81E1D52FA507DB001F1FE7;
			remoteInfo = ValorCerto;
		};
/* End PBXContainerItemProxy section */

/* Begin PBXFileReference section */
		DF81E1D62FA507DB001F1FE7 /* ValorCerto.app */ = {isa = PBXFileReference; explicitFileType = wrapper.application; includeInIndex = 0; path = ValorCerto.app; sourceTree = BUILT_PRODUCTS_DIR; };
		DF81E1E62FA507E0001F1FE7 /* ValorCertoTests.xctest */ = {isa = PBXFileReference; explicitFileType = wrapper.cfbundle; includeInIndex = 0; path = ValorCertoTests.xctest; sourceTree = BUILT_PRODUCTS_DIR; };
		DF81E1F02FA507E0001F1FE7 /* ValorCertoUITests.xctest */ = {isa = PBXFileReference; explicitFileType = wrapper.cfbundle; includeInIndex = 0; path = ValorCertoUITests.xctest; sourceTree = BUILT_PRODUCTS_DIR; };
/* End PBXFileReference section */

/* Begin PBXFileSystemSynchronizedRootGroup section */
		DF81E1D82FA507DB001F1FE7 /* ValorCerto */ = {
			isa = PBXFileSystemSynchronizedRootGroup;
			path = ValorCerto;
			sourceTree = "<group>";
		};
		DF81E1E92FA507E0001F1FE7 /* ValorCertoTests */ = {
			isa = PBXFileSystemSynchronizedRootGroup;
			path = ValorCertoTests;
			sourceTree = "<group>";
		};
		DF81E1F32FA507E0001F1FE7 /* ValorCertoUITests */ = {
			isa = PBXFileSystemSynchronizedRootGroup;
			path = ValorCertoUITests;
			sourceTree = "<group>";
		};
/* End PBXFileSystemSynchronizedRootGroup section */

/* Begin PBXFrameworksBuildPhase section */
		DF81E1D32FA507DB001F1FE7 /* Frameworks */ = {
			isa = PBXFrameworksBuildPhase;
			buildActionMask = 2147483647;
			files = (
			);
			runOnlyForDeploymentPostprocessing = 0;
		};
		DF81E1E32FA507E0001F1FE7 /* Frameworks */ = {
			isa = PBXFrameworksBuildPhase;
			buildActionMask = 2147483647;
			files = (
			);
			runOnlyForDeploymentPostprocessing = 0;
		};
		DF81E1ED2FA507E0001F1FE7 /* Frameworks */ = {
			isa = PBXFrameworksBuildPhase;
			buildActionMask = 2147483647;
			files = (
			);
			runOnlyForDeploymentPostprocessing = 0;
		};
/* End PBXFrameworksBuildPhase section */

/* Begin PBXGroup section */
		DF81E1CD2FA507DB001F1FE7 = {
			isa = PBXGroup;
			children = (
				DF81E1D82FA507DB001F1FE7 /* ValorCerto */,
				DF81E1E92FA507E0001F1FE7 /* ValorCertoTests */,
				DF81E1F32FA507E0001F1FE7 /* ValorCertoUITests */,
				DF81E1D72FA507DB001F1FE7 /* Products */,
			);
			sourceTree = "<group>";
		};
		DF81E1D72FA507DB001F1FE7 /* Products */ = {
			isa = PBXGroup;
			children = (
				DF81E1D62FA507DB001F1FE7 /* ValorCerto.app */,
				DF81E1E62FA507E0001F1FE7 /* ValorCertoTests.xctest */,
				DF81E1F02FA507E0001F1FE7 /* ValorCertoUITests.xctest */,
			);
			name = Products;
			sourceTree = "<group>";
		};
/* End PBXGroup section */

/* Begin PBXNativeTarget section */
		DF81E1D52FA507DB001F1FE7 /* ValorCerto */ = {
			isa = PBXNativeTarget;
			buildConfigurationList = DF81E1FA2FA507E0001F1FE7 /* Build configuration list for PBXNativeTarget "ValorCerto" */;
			buildPhases = (
				DF81E1D22FA507DB001F1FE7 /* Sources */,
				DF81E1D32FA507DB001F1FE7 /* Frameworks */,
				DF81E1D42FA507DB001F1FE7 /* Resources */,
			);
			buildRules = (
			);
			dependencies = (
			);
			fileSystemSynchronizedGroups = (
				DF81E1D82FA507DB001F1FE7 /* ValorCerto */,
			);
			name = ValorCerto;
			packageProductDependencies = (
			);
			productName = ValorCerto;
			productReference = DF81E1D62FA507DB001F1FE7 /* ValorCerto.app */;
			productType = "com.apple.product-type.application";
		};
		DF81E1E52FA507E0001F1FE7 /* ValorCertoTests */ = {
			isa = PBXNativeTarget;
			buildConfigurationList = DF81E1FD2FA507E0001F1FE7 /* Build configuration list for PBXNativeTarget "ValorCertoTests" */;
			buildPhases = (
				DF81E1E22FA507E0001F1FE7 /* Sources */,
				DF81E1E32FA507E0001F1FE7 /* Frameworks */,
				DF81E1E42FA507E0001F1FE7 /* Resources */,
			);
			buildRules = (
			);
			dependencies = (
				DF81E1E82FA507E0001F1FE7 /* PBXTargetDependency */,
			);
			fileSystemSynchronizedGroups = (
				DF81E1E92FA507E0001F1FE7 /* ValorCertoTests */,
			);
			name = ValorCertoTests;
			packageProductDependencies = (
			);
			productName = ValorCertoTests;
			productReference = DF81E1E62FA507E0001F1FE7 /* ValorCertoTests.xctest */;
			productType = "com.apple.product-type.bundle.unit-test";
		};
		DF81E1EF2FA507E0001F1FE7 /* ValorCertoUITests */ = {
			isa = PBXNativeTarget;
			buildConfigurationList = DF81E2002FA507E0001F1FE7 /* Build configuration list for PBXNativeTarget "ValorCertoUITests" */;
			buildPhases = (
				DF81E1EC2FA507E0001F1FE7 /* Sources */,
				DF81E1ED2FA507E0001F1FE7 /* Frameworks */,
				DF81E1EE2FA507E0001F1FE7 /* Resources */,
			);
			buildRules = (
			);
			dependencies = (
				DF81E1F22FA507E0001F1FE7 /* PBXTargetDependency */,
			);
			fileSystemSynchronizedGroups = (
				DF81E1F32FA507E0001F1FE7 /* ValorCertoUITests */,
			);
			name = ValorCertoUITests;
			packageProductDependencies = (
			);
			productName = ValorCertoUITests;
			productReference = DF81E1F02FA507E0001F1FE7 /* ValorCertoUITests.xctest */;
			productType = "com.apple.product-type.bundle.ui-testing";
		};
/* End PBXNativeTarget section */

/* Begin PBXProject section */
		DF81E1CE2FA507DB001F1FE7 /* Project object */ = {
			isa = PBXProject;
			attributes = {
				BuildIndependentTargetsInParallel = 1;
				LastSwiftUpdateCheck = 1600;
				LastUpgradeCheck = 1600;
				TargetAttributes = {
					DF81E1D52FA507DB001F1FE7 = {
						CreatedOnToolsVersion = 16.0;
					};
					DF81E1E52FA507E0001F1FE7 = {
						CreatedOnToolsVersion = 16.0;
						TestTargetID = DF81E1D52FA507DB001F1FE7;
					};
					DF81E1EF2FA507E0001F1FE7 = {
						CreatedOnToolsVersion = 16.0;
						TestTargetID = DF81E1D52FA507DB001F1FE7;
					};
				};
			};
			buildConfigurationList = DF81E1D12FA507DB001F1FE7 /* Build configuration list for PBXProject "ValorCerto" */;
			developmentRegion = en;
			hasScannedForEncodings = 0;
			knownRegions = (
				en,
				Base,
			);
			mainGroup = DF81E1CD2FA507DB001F1FE7;
			minimizedProjectReferenceProxies = 1;
			preferredProjectObjectVersion = 77;
			productRefGroup = DF81E1D72FA507DB001F1FE7 /* Products */;
			projectDirPath = "";
			projectRoot = "";
			targets = (
				DF81E1D52FA507DB001F1FE7 /* ValorCerto */,
				DF81E1E52FA507E0001F1FE7 /* ValorCertoTests */,
				DF81E1EF2FA507E0001F1FE7 /* ValorCertoUITests */,
			);
		};
/* End PBXProject section */

/* Begin PBXResourcesBuildPhase section */
		DF81E1D42FA507DB001F1FE7 /* Resources */ = {
			isa = PBXResourcesBuildPhase;
			buildActionMask = 2147483647;
			files = (
			);
			runOnlyForDeploymentPostprocessing = 0;
		};
		DF81E1E42FA507E0001F1FE7 /* Resources */ = {
			isa = PBXResourcesBuildPhase;
			buildActionMask = 2147483647;
			files = (
			);
			runOnlyForDeploymentPostprocessing = 0;
		};
		DF81E1EE2FA507E0001F1FE7 /* Resources */ = {
			isa = PBXResourcesBuildPhase;
			buildActionMask = 2147483647;
			files = (
			);
			runOnlyForDeploymentPostprocessing = 0;
		};
/* End PBXResourcesBuildPhase section */

/* Begin PBXSourcesBuildPhase section */
		DF81E1D22FA507DB001F1FE7 /* Sources */ = {
			isa = PBXSourcesBuildPhase;
			buildActionMask = 2147483647;
			files = (
			);
			runOnlyForDeploymentPostprocessing = 0;
		};
		DF81E1E22FA507E0001F1FE7 /* Sources */ = {
			isa = PBXSourcesBuildPhase;
			buildActionMask = 2147483647;
			files = (
			);
			runOnlyForDeploymentPostprocessing = 0;
		};
		DF81E1EC2FA507E0001F1FE7 /* Sources */ = {
			isa = PBXSourcesBuildPhase;
			buildActionMask = 2147483647;
			files = (
			);
			runOnlyForDeploymentPostprocessing = 0;
		};
/* End PBXSourcesBuildPhase section */

/* Begin PBXTargetDependency section */
		DF81E1E82FA507E0001F1FE7 /* PBXTargetDependency */ = {
			isa = PBXTargetDependency;
			target = DF81E1D52FA507DB001F1FE7 /* ValorCerto */;
			targetProxy = DF81E1E72FA507E0001F1FE7 /* PBXContainerItemProxy */;
		};
		DF81E1F22FA507E0001F1FE7 /* PBXTargetDependency */ = {
			isa = PBXTargetDependency;
			target = DF81E1D52FA507DB001F1FE7 /* ValorCerto */;
			targetProxy = DF81E1F12FA507E0001F1FE7 /* PBXContainerItemProxy */;
		};
/* End PBXTargetDependency section */

/* Begin XCBuildConfiguration section */
		DF81E1F82FA507E0001F1FE7 /* Debug */ = {
			isa = XCBuildConfiguration;
			buildSettings = {
				ALWAYS_SEARCH_USER_PATHS = NO;
				ASSETCATALOG_COMPILER_GENERATE_SWIFT_ASSET_SYMBOL_EXTENSIONS = YES;
				CLANG_ANALYZER_NONNULL = YES;
				CLANG_ANALYZER_NUMBER_OBJECT_CONVERSION = YES_AGGRESSIVE;
				CLANG_CXX_LANGUAGE_STANDARD = "gnu++20";
				CLANG_ENABLE_MODULES = YES;
				CLANG_ENABLE_OBJC_ARC = YES;
				CLANG_ENABLE_OBJC_WEAK = YES;
				CLANG_WARN_BLOCK_CAPTURE_AUTORELEASING = YES;
				CLANG_WARN_BOOL_CONVERSION = YES;
				CLANG_WARN_COMMA = YES;
				CLANG_WARN_CONSTANT_CONVERSION = YES;
				CLANG_WARN_DEPRECATED_OBJC_IMPLEMENTATIONS = YES;
				CLANG_WARN_DIRECT_OBJC_ISA_USAGE = YES_ERROR;
				CLANG_WARN_DOCUMENTATION_COMMENTS = YES;
				CLANG_WARN_EMPTY_BODY = YES;
				CLANG_WARN_ENUM_CONVERSION = YES;
				CLANG_WARN_INFINITE_RECURSION = YES;
				CLANG_WARN_INT_CONVERSION = YES;
				CLANG_WARN_NON_LITERAL_NULL_CONVERSION = YES;
				CLANG_WARN_OBJC_IMPLICIT_RETAIN_SELF = YES;
				CLANG_WARN_OBJC_LITERAL_CONVERSION = YES;
				CLANG_WARN_OBJC_ROOT_CLASS = YES_ERROR;
				CLANG_WARN_QUOTED_INCLUDE_IN_FRAMEWORK_HEADER = YES;
				CLANG_WARN_RANGE_LOOP_ANALYSIS = YES;
				CLANG_WARN_STRICT_PROTOTYPES = YES;
				CLANG_WARN_SUSPICIOUS_MOVE = YES;
				CLANG_WARN_UNGUARDED_AVAILABILITY = YES_AGGRESSIVE;
				CLANG_WARN_UNREACHABLE_CODE = YES;
				CLANG_WARN__DUPLICATE_METHOD_MATCH = YES;
				COPY_PHASE_STRIP = NO;
				DEBUG_INFORMATION_FORMAT = dwarf;
				ENABLE_STRICT_OBJC_MSGSEND = YES;
				ENABLE_TESTABILITY = YES;
				ENABLE_USER_SCRIPT_SANDBOXING = YES;
				GCC_C_LANGUAGE_STANDARD = gnu17;
				GCC_DYNAMIC_NO_PIC = NO;
				GCC_NO_COMMON_BLOCKS = YES;
				GCC_OPTIMIZATION_LEVEL = 0;
				GCC_PREPROCESSOR_DEFINITIONS = (
					"DEBUG=1",
					"$(inherited)",
				);
				GCC_WARN_64_TO_32_BIT_CONVERSION = YES;
				GCC_WARN_ABOUT_RETURN_TYPE = YES_ERROR;
				GCC_WARN_UNDECLARED_SELECTOR = YES;
				GCC_WARN_UNINITIALIZED_AUTOS = YES_AGGRESSIVE;
				GCC_WARN_UNUSED_FUNCTION = YES;
				GCC_WARN_UNUSED_VARIABLE = YES;
				IPHONEOS_DEPLOYMENT_TARGET = 18.0;
				LOCALIZATION_PREFERS_STRING_CATALOGS = YES;
				MTL_ENABLE_DEBUG_INFO = INCLUDE_SOURCE;
				MTL_FAST_MATH = YES;
				ONLY_ACTIVE_ARCH = YES;
				SDKROOT = iphoneos;
				SWIFT_ACTIVE_COMPILATION_CONDITIONS = "DEBUG $(inherited)";
				SWIFT_OPTIMIZATION_LEVEL = "-Onone";
			};
			name = Debug;
		};
		DF81E1F92FA507E0001F1FE7 /* Release */ = {
			isa = XCBuildConfiguration;
			buildSettings = {
				ALWAYS_SEARCH_USER_PATHS = NO;
				ASSETCATALOG_COMPILER_GENERATE_SWIFT_ASSET_SYMBOL_EXTENSIONS = YES;
				CLANG_ANALYZER_NONNULL = YES;
				CLANG_ANALYZER_NUMBER_OBJECT_CONVERSION = YES_AGGRESSIVE;
				CLANG_CXX_LANGUAGE_STANDARD = "gnu++20";
				CLANG_ENABLE_MODULES = YES;
				CLANG_ENABLE_OBJC_ARC = YES;
				CLANG_ENABLE_OBJC_WEAK = YES;
				CLANG_WARN_BLOCK_CAPTURE_AUTORELEASING = YES;
				CLANG_WARN_BOOL_CONVERSION = YES;
				CLANG_WARN_COMMA = YES;
				CLANG_WARN_CONSTANT_CONVERSION = YES;
				CLANG_WARN_DEPRECATED_OBJC_IMPLEMENTATIONS = YES;
				CLANG_WARN_DIRECT_OBJC_ISA_USAGE = YES_ERROR;
				CLANG_WARN_DOCUMENTATION_COMMENTS = YES;
				CLANG_WARN_EMPTY_BODY = YES;
				CLANG_WARN_ENUM_CONVERSION = YES;
				CLANG_WARN_INFINITE_RECURSION = YES;
				CLANG_WARN_INT_CONVERSION = YES;
				CLANG_WARN_NON_LITERAL_NULL_CONVERSION = YES;
				CLANG_WARN_OBJC_IMPLICIT_RETAIN_SELF = YES;
				CLANG_WARN_OBJC_LITERAL_CONVERSION = YES;
				CLANG_WARN_OBJC_ROOT_CLASS = YES_ERROR;
				CLANG_WARN_QUOTED_INCLUDE_IN_FRAMEWORK_HEADER = YES;
				CLANG_WARN_RANGE_LOOP_ANALYSIS = YES;
				CLANG_WARN_STRICT_PROTOTYPES = YES;
				CLANG_WARN_SUSPICIOUS_MOVE = YES;
				CLANG_WARN_UNGUARDED_AVAILABILITY = YES_AGGRESSIVE;
				CLANG_WARN_UNREACHABLE_CODE = YES;
				CLANG_WARN__DUPLICATE_METHOD_MATCH = YES;
				COPY_PHASE_STRIP = NO;
				DEBUG_INFORMATION_FORMAT = "dwarf-with-dsym";
				ENABLE_NS_ASSERTIONS = NO;
				ENABLE_STRICT_OBJC_MSGSEND = YES;
				ENABLE_USER_SCRIPT_SANDBOXING = YES;
				GCC_C_LANGUAGE_STANDARD = gnu17;
				GCC_NO_COMMON_BLOCKS = YES;
				GCC_WARN_64_TO_32_BIT_CONVERSION = YES;
				GCC_WARN_ABOUT_RETURN_TYPE = YES_ERROR;
				GCC_WARN_UNDECLARED_SELECTOR = YES;
				GCC_WARN_UNINITIALIZED_AUTOS = YES_AGGRESSIVE;
				GCC_WARN_UNUSED_FUNCTION = YES;
				GCC_WARN_UNUSED_VARIABLE = YES;
				IPHONEOS_DEPLOYMENT_TARGET = 18.0;
				LOCALIZATION_PREFERS_STRING_CATALOGS = YES;
				MTL_ENABLE_DEBUG_INFO = NO;
				MTL_FAST_MATH = YES;
				SDKROOT = iphoneos;
				SWIFT_COMPILATION_MODE = wholemodule;
				VALIDATE_PRODUCT = YES;
			};
			name = Release;
		};
		DF81E1FB2FA507E0001F1FE7 /* Debug */ = {
			isa = XCBuildConfiguration;
			buildSettings = {
				ASSETCATALOG_COMPILER_APPICON_NAME = AppIcon;
				ASSETCATALOG_COMPILER_GLOBAL_ACCENT_COLOR_NAME = AccentColor;
				CODE_SIGN_STYLE = Automatic;
				CURRENT_PROJECT_VERSION = 1;
				DEVELOPMENT_ASSET_PATHS = "\"ValorCerto/Preview Content\"";
				DEVELOPMENT_TEAM = 4Y6MWV9B36;
				ENABLE_PREVIEWS = YES;
				GENERATE_INFOPLIST_FILE = YES;
				INFOPLIST_KEY_NSCameraUsageDescription = "Usamos a camera para escanear codigo de barras e consultar preco.";
				INFOPLIST_KEY_UIApplicationSceneManifest_Generation = YES;
				INFOPLIST_KEY_UIApplicationSupportsIndirectInputEvents = YES;
				INFOPLIST_KEY_UILaunchScreen_Generation = YES;
				INFOPLIST_KEY_UISupportedInterfaceOrientations_iPad = "UIInterfaceOrientationPortrait UIInterfaceOrientationPortraitUpsideDown UIInterfaceOrientationLandscapeLeft UIInterfaceOrientationLandscapeRight";
				INFOPLIST_KEY_UISupportedInterfaceOrientations_iPhone = "UIInterfaceOrientationPortrait UIInterfaceOrientationLandscapeLeft UIInterfaceOrientationLandscapeRight";
				LD_RUNPATH_SEARCH_PATHS = (
					"$(inherited)",
					"@executable_path/Frameworks",
				);
				MARKETING_VERSION = 1.0;
				PRODUCT_BUNDLE_IDENTIFIER = com.corevo.ValorCerto;
				PRODUCT_NAME = "$(TARGET_NAME)";
				SWIFT_EMIT_LOC_STRINGS = YES;
				SWIFT_VERSION = 5.0;
				TARGETED_DEVICE_FAMILY = "1,2";
			};
			name = Debug;
		};
		DF81E1FC2FA507E0001F1FE7 /* Release */ = {
			isa = XCBuildConfiguration;
			buildSettings = {
				ASSETCATALOG_COMPILER_APPICON_NAME = AppIcon;
				ASSETCATALOG_COMPILER_GLOBAL_ACCENT_COLOR_NAME = AccentColor;
				CODE_SIGN_STYLE = Automatic;
				CURRENT_PROJECT_VERSION = 1;
				DEVELOPMENT_ASSET_PATHS = "\"ValorCerto/Preview Content\"";
				DEVELOPMENT_TEAM = 4Y6MWV9B36;
				ENABLE_PREVIEWS = YES;
				GENERATE_INFOPLIST_FILE = YES;
				INFOPLIST_KEY_NSCameraUsageDescription = "Usamos a camera para escanear codigo de barras e consultar preco.";
				INFOPLIST_KEY_UIApplicationSceneManifest_Generation = YES;
				INFOPLIST_KEY_UIApplicationSupportsIndirectInputEvents = YES;
				INFOPLIST_KEY_UILaunchScreen_Generation = YES;
				INFOPLIST_KEY_UISupportedInterfaceOrientations_iPad = "UIInterfaceOrientationPortrait UIInterfaceOrientationPortraitUpsideDown UIInterfaceOrientationLandscapeLeft UIInterfaceOrientationLandscapeRight";
				INFOPLIST_KEY_UISupportedInterfaceOrientations_iPhone = "UIInterfaceOrientationPortrait UIInterfaceOrientationLandscapeLeft UIInterfaceOrientationLandscapeRight";
				LD_RUNPATH_SEARCH_PATHS = (
					"$(inherited)",
					"@executable_path/Frameworks",
				);
				MARKETING_VERSION = 1.0;
				PRODUCT_BUNDLE_IDENTIFIER = com.corevo.ValorCerto;
				PRODUCT_NAME = "$(TARGET_NAME)";
				SWIFT_EMIT_LOC_STRINGS = YES;
				SWIFT_VERSION = 5.0;
				TARGETED_DEVICE_FAMILY = "1,2";
			};
			name = Release;
		};
		DF81E1FE2FA507E0001F1FE7 /* Debug */ = {
			isa = XCBuildConfiguration;
			buildSettings = {
				BUNDLE_LOADER = "$(TEST_HOST)";
				CODE_SIGN_STYLE = Automatic;
				CURRENT_PROJECT_VERSION = 1;
				DEVELOPMENT_TEAM = 4Y6MWV9B36;
				GENERATE_INFOPLIST_FILE = YES;
				IPHONEOS_DEPLOYMENT_TARGET = 18.0;
				MARKETING_VERSION = 1.0;
				PRODUCT_BUNDLE_IDENTIFIER = com.corevo.ValorCertoTests;
				PRODUCT_NAME = "$(TARGET_NAME)";
				SWIFT_EMIT_LOC_STRINGS = NO;
				SWIFT_VERSION = 5.0;
				TARGETED_DEVICE_FAMILY = "1,2";
				TEST_HOST = "$(BUILT_PRODUCTS_DIR)/ValorCerto.app/$(BUNDLE_EXECUTABLE_FOLDER_PATH)/ValorCerto";
			};
			name = Debug;
		};
		DF81E1FF2FA507E0001F1FE7 /* Release */ = {
			isa = XCBuildConfiguration;
			buildSettings = {
				BUNDLE_LOADER = "$(TEST_HOST)";
				CODE_SIGN_STYLE = Automatic;
				CURRENT_PROJECT_VERSION = 1;
				DEVELOPMENT_TEAM = 4Y6MWV9B36;
				GENERATE_INFOPLIST_FILE = YES;
				IPHONEOS_DEPLOYMENT_TARGET = 18.0;
				MARKETING_VERSION = 1.0;
				PRODUCT_BUNDLE_IDENTIFIER = com.corevo.ValorCertoTests;
				PRODUCT_NAME = "$(TARGET_NAME)";
				SWIFT_EMIT_LOC_STRINGS = NO;
				SWIFT_VERSION = 5.0;
				TARGETED_DEVICE_FAMILY = "1,2";
				TEST_HOST = "$(BUILT_PRODUCTS_DIR)/ValorCerto.app/$(BUNDLE_EXECUTABLE_FOLDER_PATH)/ValorCerto";
			};
			name = Release;
		};
		DF81E2012FA507E0001F1FE7 /* Debug */ = {
			isa = XCBuildConfiguration;
			buildSettings = {
				CODE_SIGN_STYLE = Automatic;
				CURRENT_PROJECT_VERSION = 1;
				DEVELOPMENT_TEAM = 4Y6MWV9B36;
				GENERATE_INFOPLIST_FILE = YES;
				MARKETING_VERSION = 1.0;
				PRODUCT_BUNDLE_IDENTIFIER = com.corevo.ValorCertoUITests;
				PRODUCT_NAME = "$(TARGET_NAME)";
				SWIFT_EMIT_LOC_STRINGS = NO;
				SWIFT_VERSION = 5.0;
				TARGETED_DEVICE_FAMILY = "1,2";
				TEST_TARGET_NAME = ValorCerto;
			};
			name = Debug;
		};
		DF81E2022FA507E0001F1FE7 /* Release */ = {
			isa = XCBuildConfiguration;
			buildSettings = {
				CODE_SIGN_STYLE = Automatic;
				CURRENT_PROJECT_VERSION = 1;
				DEVELOPMENT_TEAM = 4Y6MWV9B36;
				GENERATE_INFOPLIST_FILE = YES;
				MARKETING_VERSION = 1.0;
				PRODUCT_BUNDLE_IDENTIFIER = com.corevo.ValorCertoUITests;
				PRODUCT_NAME = "$(TARGET_NAME)";
				SWIFT_EMIT_LOC_STRINGS = NO;
				SWIFT_VERSION = 5.0;
				TARGETED_DEVICE_FAMILY = "1,2";
				TEST_TARGET_NAME = ValorCerto;
			};
			name = Release;
		};
/* End XCBuildConfiguration section */

/* Begin XCConfigurationList section */
		DF81E1D12FA507DB001F1FE7 /* Build configuration list for PBXProject "ValorCerto" */ = {
			isa = XCConfigurationList;
			buildConfigurations = (
				DF81E1F82FA507E0001F1FE7 /* Debug */,
				DF81E1F92FA507E0001F1FE7 /* Release */,
			);
			defaultConfigurationIsVisible = 0;
			defaultConfigurationName = Release;
		};
		DF81E1FA2FA507E0001F1FE7 /* Build configuration list for PBXNativeTarget "ValorCerto" */ = {
			isa = XCConfigurationList;
			buildConfigurations = (
				DF81E1FB2FA507E0001F1FE7 /* Debug */,
				DF81E1FC2FA507E0001F1FE7 /* Release */,
			);
			defaultConfigurationIsVisible = 0;
			defaultConfigurationName = Release;
		};
		DF81E1FD2FA507E0001F1FE7 /* Build configuration list for PBXNativeTarget "ValorCertoTests" */ = {
			isa = XCConfigurationList;
			buildConfigurations = (
				DF81E1FE2FA507E0001F1FE7 /* Debug */,
				DF81E1FF2FA507E0001F1FE7 /* Release */,
			);
			defaultConfigurationIsVisible = 0;
			defaultConfigurationName = Release;
		};
		DF81E2002FA507E0001F1FE7 /* Build configuration list for PBXNativeTarget "ValorCertoUITests" */ = {
			isa = XCConfigurationList;
			buildConfigurations = (
				DF81E2012FA507E0001F1FE7 /* Debug */,
				DF81E2022FA507E0001F1FE7 /* Release */,
			);
			defaultConfigurationIsVisible = 0;
			defaultConfigurationName = Release;
		};
/* End XCConfigurationList section */
	};
	rootObject = DF81E1CE2FA507DB001F1FE7 /* Project object */;
}
